// !$*UTF8*$!
{
	archiveVersion = 1;
	classes = {
	};
	objectVersion = 77;
	objects = {

/* Begin PBXBuildFile section */
		5619DB7F2DFCBA8A0059D69D /* DynamicFieldView.swift in Sources */ = {isa = PBXBuildFile; fileRef = 5619DB7E2DFCBA8A0059D69D /* DynamicFieldView.swift */; };
		5658A5CF2DFBC81900E887CC /* LoginEndPoints.swift in Sources */ = {isa = PBXBuildFile; fileRef = 5658A5CA2DFBC81900E887CC /* LoginEndPoints.swift */; };
		5658A5D02DFBC81900E887CC /* ServerEndPoints.swift in Sources */ = {isa = PBXBuildFile; fileRef = 5658A5CB2DFBC81900E887CC /* ServerEndPoints.swift */; };
		5658A5D12DFBC81900E887CC /* ToastManager.swift in Sources */ = {isa = PBXBuildFile; fileRef = 5658A5CD2DFBC81900E887CC /* ToastManager.swift */; };
		5658A5D22DFBC81900E887CC /* Helper.swift in Sources */ = {isa = PBXBuildFile; fileRef = 5658A5C92DFBC81900E887CC /* Helper.swift */; };
		5658A5D32DFBC81900E887CC /* NotificationBellView.swift in Sources */ = {isa = PBXBuildFile; fileRef = 5658A5C02DFBC81900E887CC /* NotificationBellView.swift */; };
		5658A5D42DFBC81900E887CC /* AuthUser.swift in Sources */ = {isa = PBXBuildFile; fileRef = 5658A5C62DFBC81900E887CC /* AuthUser.swift */; };
		5658A5D52DFBC81900E887CC /* StartView.swift in Sources */ = {isa = PBXBuildFile; fileRef = 5658A5CC2DFBC81900E887CC /* StartView.swift */; };
		5658A5D62DFBC81900E887CC /* LoginViewForm.swift in Sources */ = {isa = PBXBuildFile; fileRef = 5658A5BC2DFBC81900E887CC /* LoginViewForm.swift */; };
		5658A5D72DFBC81900E887CC /* NotificationTrackerViewModel.swift in Sources */ = {isa = PBXBuildFile; fileRef = 5658A5C32DFBC81900E887CC /* NotificationTrackerViewModel.swift */; };
		5658A5D82DFBC81900E887CC /* AuthenticateViewModel.swift in Sources */ = {isa = PBXBuildFile; fileRef = 5658A5BE2DFBC81900E887CC /* AuthenticateViewModel.swift */; };
		5658A5D92DFBC81900E887CC /* DeviceTokenEndpoints.swift in Sources */ = {isa = PBXBuildFile; fileRef = 5658A5C82DFBC81900E887CC /* DeviceTokenEndpoints.swift */; };
		5658A5DA2DFBC81900E887CC /* BeeCodableModel.swift in Sources */ = {isa = PBXBuildFile; fileRef = 5658A5C72DFBC81900E887CC /* BeeCodableModel.swift */; };
		5658A5DB2DFBC81900E887CC /* NotificationListView.swift in Sources */ = {isa = PBXBuildFile; fileRef = 5658A5C12DFBC81900E887CC /* NotificationListView.swift */; };
		5658A5DC2DFBC81900E887CC /* AppDelegate.swift in Sources */ = {isa = PBXBuildFile; fileRef = 5658A5C52DFBC81900E887CC /* AppDelegate.swift */; };
/* End PBXBuildFile section */

/* Begin PBXFileReference section */
		5619DB7E2DFCBA8A0059D69D /* DynamicFieldView.swift */ = {isa = PBXFileReference; lastKnownFileType = sourcecode.swift; path = DynamicFieldView.swift; sourceTree = "<group>"; };
		5619DB802DFE193A0059D69D /* BeeFinance.app */ = {isa = PBXFileReference; explicitFileType = wrapper.application; includeInIndex = 0; path = BeeFinance.app; sourceTree = BUILT_PRODUCTS_DIR; };
		5658A5BC2DFBC81900E887CC /* LoginViewForm.swift */ = {isa = PBXFileReference; lastKnownFileType = sourcecode.swift; path = LoginViewForm.swift; sourceTree = "<group>"; };
		5658A5BE2DFBC81900E887CC /* AuthenticateViewModel.swift */ = {isa = PBXFileReference; lastKnownFileType = sourcecode.swift; path = AuthenticateViewModel.swift; sourceTree = "<group>"; };
		5658A5C02DFBC81900E887CC /* NotificationBellView.swift */ = {isa = PBXFileReference; lastKnownFileType = sourcecode.swift; path = NotificationBellView.swift; sourceTree = "<group>"; };
		5658A5C12DFBC81900E887CC /* NotificationListView.swift */ = {isa = PBXFileReference; lastKnownFileType = sourcecode.swift; path = NotificationListView.swift; sourceTree = "<group>"; };
		5658A5C32DFBC81900E887CC /* NotificationTrackerViewModel.swift */ = {isa = PBXFileReference; lastKnownFileType = sourcecode.swift; path = NotificationTrackerViewModel.swift; sourceTree = "<group>"; };
		5658A5C52DFBC81900E887CC /* AppDelegate.swift */ = {isa = PBXFileReference; lastKnownFileType = sourcecode.swift; path = AppDelegate.swift; sourceTree = "<group>"; };
		5658A5C62DFBC81900E887CC /* AuthUser.swift */ = {isa = PBXFileReference; lastKnownFileType = sourcecode.swift; path = AuthUser.swift; sourceTree = "<group>"; };
		5658A5C72DFBC81900E887CC /* BeeCodableModel.swift */ = {isa = PBXFileReference; lastKnownFileType = sourcecode.swift; path = BeeCodableModel.swift; sourceTree = "<group>"; };
		5658A5C82DFBC81900E887CC /* DeviceTokenEndpoints.swift */ = {isa = PBXFileReference; lastKnownFileType = sourcecode.swift; path = DeviceTokenEndpoints.swift; sourceTree = "<group>"; };
		5658A5C92DFBC81900E887CC /* Helper.swift */ = {isa = PBXFileReference; lastKnownFileType = sourcecode.swift; path = Helper.swift; sourceTree = "<group>"; };
		5658A5CA2DFBC81900E887CC /* LoginEndPoints.swift */ = {isa = PBXFileReference; lastKnownFileType = sourcecode.swift; path = LoginEndPoints.swift; sourceTree = "<group>"; };
		5658A5CB2DFBC81900E887CC /* ServerEndPoints.swift */ = {isa = PBXFileReference; lastKnownFileType = sourcecode.swift; path = ServerEndPoints.swift; sourceTree = "<group>"; };
		5658A5CC2DFBC81900E887CC /* StartView.swift */ = {isa = PBXFileReference; lastKnownFileType = sourcecode.swift; path = StartView.swift; sourceTree = "<group>"; };
		5658A5CD2DFBC81900E887CC /* ToastManager.swift */ = {isa = PBXFileReference; lastKnownFileType = sourcecode.swift; path = ToastManager.swift; sourceTree = "<group>"; };
/* End PBXFileReference section */

/* Begin PBXFileSystemSynchronizedRootGroup section */
		5619DA712DFC01D30059D69D /* BeeFinancial */ = {
			isa = PBXFileSystemSynchronizedRootGroup;
			path = BeeFinancial;
			sourceTree = "<group>";
		};
/* End PBXFileSystemSynchronizedRootGroup section */

/* Begin PBXFrameworksBuildPhase section */
		56A558132DE55AD600307193 /* Frameworks */ = {
			isa = PBXFrameworksBuildPhase;
			buildActionMask = 2147483647;
			files = (
			);
			runOnlyForDeploymentPostprocessing = 0;
		};
/* End PBXFrameworksBuildPhase section */

/* Begin PBXGroup section */
		5658A5BD2DFBC81900E887CC /* Views */ = {
			isa = PBXGroup;
			children = (
				5658A5BC2DFBC81900E887CC /* LoginViewForm.swift */,
			);
			path = Views;
			sourceTree = "<group>";
		};
		5658A5BF2DFBC81900E887CC /* Authenticate */ = {
			isa = PBXGroup;
			children = (
				5658A5BD2DFBC81900E887CC /* Views */,
				5658A5BE2DFBC81900E887CC /* AuthenticateViewModel.swift */,
			);
			path = Authenticate;
			sourceTree = "<group>";
		};
		5658A5C22DFBC81900E887CC /* Views */ = {
			isa = PBXGroup;
			children = (
				5658A5C02DFBC81900E887CC /* NotificationBellView.swift */,
				5658A5C12DFBC81900E887CC /* NotificationListView.swift */,
			);
			path = Views;
			sourceTree = "<group>";
		};
		5658A5C42DFBC81900E887CC /* Notifications */ = {
			isa = PBXGroup;
			children = (
				5658A5C22DFBC81900E887CC /* Views */,
				5658A5C32DFBC81900E887CC /* NotificationTrackerViewModel.swift */,
			);
			path = Notifications;
			sourceTree = "<group>";
		};
		5658A5CE2DFBC81900E887CC /* iosapp-commons */ = {
			isa = PBXGroup;
			children = (
				5619DB7E2DFCBA8A0059D69D /* DynamicFieldView.swift */,
				5658A5BF2DFBC81900E887CC /* Authenticate */,
				5658A5C42DFBC81900E887CC /* Notifications */,
				5658A5C52DFBC81900E887CC /* AppDelegate.swift */,
				5658A5C62DFBC81900E887CC /* AuthUser.swift */,
				5658A5C72DFBC81900E887CC /* BeeCodableModel.swift */,
				5658A5C82DFBC81900E887CC /* DeviceTokenEndpoints.swift */,
				5658A5C92DFBC81900E887CC /* Helper.swift */,
				5658A5CA2DFBC81900E887CC /* LoginEndPoints.swift */,
				5658A5CB2DFBC81900E887CC /* ServerEndPoints.swift */,
				5658A5CC2DFBC81900E887CC /* StartView.swift */,
				5658A5CD2DFBC81900E887CC /* ToastManager.swift */,
			);
			name = "iosapp-commons";
			path = "/Users/vasudhanvarma/Documents/CuriousBee/iosapp-commons";
			sourceTree = "<absolute>";
		};
		56A5580D2DE55AD600307193 = {
			isa = PBXGroup;
			children = (
				5619DA712DFC01D30059D69D /* BeeFinancial */,
				5658A5CE2DFBC81900E887CC /* iosapp-commons */,
				5619DB802DFE193A0059D69D /* BeeFinance.app */,
			);
			sourceTree = "<group>";
		};
/* End PBXGroup section */

/* Begin PBXNativeTarget section */
		56A558152DE55AD600307193 /* BeeFinance */ = {
			isa = PBXNativeTarget;
			buildConfigurationList = 56A558212DE55AD800307193 /* Build configuration list for PBXNativeTarget "BeeFinance" */;
			buildPhases = (
				56A558122DE55AD600307193 /* Sources */,
				56A558132DE55AD600307193 /* Frameworks */,
				56A558142DE55AD600307193 /* Resources */,
			);
			buildRules = (
			);
			dependencies = (
			);
			fileSystemSynchronizedGroups = (
				5619DA712DFC01D30059D69D /* BeeFinancial */,
			);
			name = BeeFinance;
			packageProductDependencies = (
			);
			productName = FinanceManager;
			productReference = 5619DB802DFE193A0059D69D /* BeeFinance.app */;
			productType = "com.apple.product-type.application";
		};
/* End PBXNativeTarget section */

/* Begin PBXProject section */
		56A5580E2DE55AD600307193 /* Project object */ = {
			isa = PBXProject;
			attributes = {
				BuildIndependentTargetsInParallel = 1;
				LastSwiftUpdateCheck = 1630;
				LastUpgradeCheck = 1630;
				TargetAttributes = {
					56A558152DE55AD600307193 = {
						CreatedOnToolsVersion = 16.3;
					};
				};
			};
			buildConfigurationList = 56A558112DE55AD600307193 /* Build configuration list for PBXProject "BeeFinancial" */;
			developmentRegion = en;
			hasScannedForEncodings = 0;
			knownRegions = (
				en,
				Base,
			);
			mainGroup = 56A5580D2DE55AD600307193;
			minimizedProjectReferenceProxies = 1;
			preferredProjectObjectVersion = 77;
			productRefGroup = 56A5580D2DE55AD600307193;
			projectDirPath = "";
			projectRoot = "";
			targets = (
				56A558152DE55AD600307193 /* BeeFinance */,
			);
		};
/* End PBXProject section */

/* Begin PBXResourcesBuildPhase section */
		56A558142DE55AD600307193 /* Resources */ = {
			isa = PBXResourcesBuildPhase;
			buildActionMask = 2147483647;
			files = (
			);
			runOnlyForDeploymentPostprocessing = 0;
		};
/* End PBXResourcesBuildPhase section */

/* Begin PBXSourcesBuildPhase section */
		56A558122DE55AD600307193 /* Sources */ = {
			isa = PBXSourcesBuildPhase;
			buildActionMask = 2147483647;
			files = (
				5658A5CF2DFBC81900E887CC /* LoginEndPoints.swift in Sources */,
				5658A5D02DFBC81900E887CC /* ServerEndPoints.swift in Sources */,
				5658A5D12DFBC81900E887CC /* ToastManager.swift in Sources */,
				5658A5D22DFBC81900E887CC /* Helper.swift in Sources */,
				5658A5D32DFBC81900E887CC /* NotificationBellView.swift in Sources */,
				5658A5D42DFBC81900E887CC /* AuthUser.swift in Sources */,
				5658A5D52DFBC81900E887CC /* StartView.swift in Sources */,
				5658A5D62DFBC81900E887CC /* LoginViewForm.swift in Sources */,
				5658A5D72DFBC81900E887CC /* NotificationTrackerViewModel.swift in Sources */,
				5619DB7F2DFCBA8A0059D69D /* DynamicFieldView.swift in Sources */,
				5658A5D82DFBC81900E887CC /* AuthenticateViewModel.swift in Sources */,
				5658A5D92DFBC81900E887CC /* DeviceTokenEndpoints.swift in Sources */,
				5658A5DA2DFBC81900E887CC /* BeeCodableModel.swift in Sources */,
				5658A5DB2DFBC81900E887CC /* NotificationListView.swift in Sources */,
				5658A5DC2DFBC81900E887CC /* AppDelegate.swift in Sources */,
			);
			runOnlyForDeploymentPostprocessing = 0;
		};
/* End PBXSourcesBuildPhase section */

/* Begin XCBuildConfiguration section */
		56A5581F2DE55AD800307193 /* Debug */ = {
			isa = XCBuildConfiguration;
			buildSettings = {
				ALWAYS_SEARCH_USER_PATHS = NO;
				ASSETCATALOG_COMPILER_GENERATE_SWIFT_ASSET_SYMBOL_EXTENSIONS = YES;
				CLANG_ANALYZER_NONNULL = YES;
				CLANG_ANALYZER_NUMBER_OBJECT_CONVERSION = YES_AGGRESSIVE;
				CLANG_CXX_LANGUAGE_STANDARD = "gnu++20";
				CLANG_ENABLE_MODULES = YES;
				CLANG_ENABLE_OBJC_ARC = YES;
				CLANG_ENABLE_OBJC_WEAK = YES;
				CLANG_WARN_BLOCK_CAPTURE_AUTORELEASING = YES;
				CLANG_WARN_BOOL_CONVERSION = YES;
				CLANG_WARN_COMMA = YES;
				CLANG_WARN_CONSTANT_CONVERSION = YES;
				CLANG_WARN_DEPRECATED_OBJC_IMPLEMENTATIONS = YES;
				CLANG_WARN_DIRECT_OBJC_ISA_USAGE = YES_ERROR;
				CLANG_WARN_DOCUMENTATION_COMMENTS = YES;
				CLANG_WARN_EMPTY_BODY = YES;
				CLANG_WARN_ENUM_CONVERSION = YES;
				CLANG_WARN_INFINITE_RECURSION = YES;
				CLANG_WARN_INT_CONVERSION = YES;
				CLANG_WARN_NON_LITERAL_NULL_CONVERSION = YES;
				CLANG_WARN_OBJC_IMPLICIT_RETAIN_SELF = YES;
				CLANG_WARN_OBJC_LITERAL_CONVERSION = YES;
				CLANG_WARN_OBJC_ROOT_CLASS = YES_ERROR;
				CLANG_WARN_QUOTED_INCLUDE_IN_FRAMEWORK_HEADER = YES;
				CLANG_WARN_RANGE_LOOP_ANALYSIS = YES;
				CLANG_WARN_STRICT_PROTOTYPES = YES;
				CLANG_WARN_SUSPICIOUS_MOVE = YES;
				CLANG_WARN_UNGUARDED_AVAILABILITY = YES_AGGRESSIVE;
				CLANG_WARN_UNREACHABLE_CODE = YES;
				CLANG_WARN__DUPLICATE_METHOD_MATCH = YES;
				COPY_PHASE_STRIP = NO;
				DEBUG_INFORMATION_FORMAT = dwarf;
				DEVELOPMENT_TEAM = RL227T7V3M;
				ENABLE_STRICT_OBJC_MSGSEND = YES;
				ENABLE_TESTABILITY = YES;
				ENABLE_USER_SCRIPT_SANDBOXING = YES;
				GCC_C_LANGUAGE_STANDARD = gnu17;
				GCC_DYNAMIC_NO_PIC = NO;
				GCC_NO_COMMON_BLOCKS = YES;
				GCC_OPTIMIZATION_LEVEL = 0;
				GCC_PREPROCESSOR_DEFINITIONS = (
					"DEBUG=1",
					"$(inherited)",
				);
				GCC_WARN_64_TO_32_BIT_CONVERSION = YES;
				GCC_WARN_ABOUT_RETURN_TYPE = YES_ERROR;
				GCC_WARN_UNDECLARED_SELECTOR = YES;
				GCC_WARN_UNINITIALIZED_AUTOS = YES_AGGRESSIVE;
				GCC_WARN_UNUSED_FUNCTION = YES;
				GCC_WARN_UNUSED_VARIABLE = YES;
				IPHONEOS_DEPLOYMENT_TARGET = 18.0;
				LOCALIZATION_PREFERS_STRING_CATALOGS = YES;
				MTL_ENABLE_DEBUG_INFO = INCLUDE_SOURCE;
				MTL_FAST_MATH = YES;
				ONLY_ACTIVE_ARCH = YES;
				SDKROOT = iphoneos;
				SWIFT_ACTIVE_COMPILATION_CONDITIONS = "DEBUG $(inherited)";
				SWIFT_OPTIMIZATION_LEVEL = "-Onone";
			};
			name = Debug;
		};
		56A558202DE55AD800307193 /* Release */ = {
			isa = XCBuildConfiguration;
			buildSettings = {
				ALWAYS_SEARCH_USER_PATHS = NO;
				ASSETCATALOG_COMPILER_GENERATE_SWIFT_ASSET_SYMBOL_EXTENSIONS = YES;
				CLANG_ANALYZER_NONNULL = YES;
				CLANG_ANALYZER_NUMBER_OBJECT_CONVERSION = YES_AGGRESSIVE;
				CLANG_CXX_LANGUAGE_STANDARD = "gnu++20";
				CLANG_ENABLE_MODULES = YES;
				CLANG_ENABLE_OBJC_ARC = YES;
				CLANG_ENABLE_OBJC_WEAK = YES;
				CLANG_WARN_BLOCK_CAPTURE_AUTORELEASING = YES;
				CLANG_WARN_BOOL_CONVERSION = YES;
				CLANG_WARN_COMMA = YES;
				CLANG_WARN_CONSTANT_CONVERSION = YES;
				CLANG_WARN_DEPRECATED_OBJC_IMPLEMENTATIONS = YES;
				CLANG_WARN_DIRECT_OBJC_ISA_USAGE = YES_ERROR;
				CLANG_WARN_DOCUMENTATION_COMMENTS = YES;
				CLANG_WARN_EMPTY_BODY = YES;
				CLANG_WARN_ENUM_CONVERSION = YES;
				CLANG_WARN_INFINITE_RECURSION = YES;
				CLANG_WARN_INT_CONVERSION = YES;
				CLANG_WARN_NON_LITERAL_NULL_CONVERSION = YES;
				CLANG_WARN_OBJC_IMPLICIT_RETAIN_SELF = YES;
				CLANG_WARN_OBJC_LITERAL_CONVERSION = YES;
				CLANG_WARN_OBJC_ROOT_CLASS = YES_ERROR;
				CLANG_WARN_QUOTED_INCLUDE_IN_FRAMEWORK_HEADER = YES;
				CLANG_WARN_RANGE_LOOP_ANALYSIS = YES;
				CLANG_WARN_STRICT_PROTOTYPES = YES;
				CLANG_WARN_SUSPICIOUS_MOVE = YES;
				CLANG_WARN_UNGUARDED_AVAILABILITY = YES_AGGRESSIVE;
				CLANG_WARN_UNREACHABLE_CODE = YES;
				CLANG_WARN__DUPLICATE_METHOD_MATCH = YES;
				COPY_PHASE_STRIP = NO;
				DEBUG_INFORMATION_FORMAT = "dwarf-with-dsym";
				DEVELOPMENT_TEAM = RL227T7V3M;
				ENABLE_NS_ASSERTIONS = NO;
				ENABLE_STRICT_OBJC_MSGSEND = YES;
				ENABLE_USER_SCRIPT_SANDBOXING = YES;
				GCC_C_LANGUAGE_STANDARD = gnu17;
				GCC_NO_COMMON_BLOCKS = YES;
				GCC_WARN_64_TO_32_BIT_CONVERSION = YES;
				GCC_WARN_ABOUT_RETURN_TYPE = YES_ERROR;
				GCC_WARN_UNDECLARED_SELECTOR = YES;
				GCC_WARN_UNINITIALIZED_AUTOS = YES_AGGRESSIVE;
				GCC_WARN_UNUSED_FUNCTION = YES;
				GCC_WARN_UNUSED_VARIABLE = YES;
				IPHONEOS_DEPLOYMENT_TARGET = 18.0;
				LOCALIZATION_PREFERS_STRING_CATALOGS = YES;
				MTL_ENABLE_DEBUG_INFO = NO;
				MTL_FAST_MATH = YES;
				SDKROOT = iphoneos;
				SWIFT_COMPILATION_MODE = wholemodule;
				VALIDATE_PRODUCT = YES;
			};
			name = Release;
		};
		56A558222DE55AD800307193 /* Debug */ = {
			isa = XCBuildConfiguration;
			buildSettings = {
				ASSETCATALOG_COMPILER_APPICON_NAME = AppIcon;
				ASSETCATALOG_COMPILER_GLOBAL_ACCENT_COLOR_NAME = AccentColor;
				CODE_SIGN_STYLE = Automatic;
				CURRENT_PROJECT_VERSION = 1;
				DEVELOPMENT_TEAM = RL227T7V3M;
				ENABLE_PREVIEWS = YES;
				GENERATE_INFOPLIST_FILE = YES;
				INFOPLIST_KEY_UIApplicationSceneManifest_Generation = YES;
				INFOPLIST_KEY_UIApplicationSupportsIndirectInputEvents = YES;
				INFOPLIST_KEY_UILaunchScreen_Generation = YES;
				INFOPLIST_KEY_UISupportedInterfaceOrientations_iPad = "UIInterfaceOrientationPortrait UIInterfaceOrientationPortraitUpsideDown UIInterfaceOrientationLandscapeLeft UIInterfaceOrientationLandscapeRight";
				INFOPLIST_KEY_UISupportedInterfaceOrientations_iPhone = "UIInterfaceOrientationPortrait UIInterfaceOrientationLandscapeLeft UIInterfaceOrientationLandscapeRight";
				LD_RUNPATH_SEARCH_PATHS = (
					"$(inherited)",
					"@executable_path/Frameworks",
				);
				MARKETING_VERSION = 1.0;
				PRODUCT_BUNDLE_IDENTIFIER = com.cb.FinanceManager;
				PRODUCT_NAME = "$(TARGET_NAME)";
				SWIFT_EMIT_LOC_STRINGS = YES;
				SWIFT_VERSION = 5.0;
				TARGETED_DEVICE_FAMILY = "1,2";
			};
			name = Debug;
		};
		56A558232DE55AD800307193 /* Release */ = {
			isa = XCBuildConfiguration;
			buildSettings = {
				ASSETCATALOG_COMPILER_APPICON_NAME = AppIcon;
				ASSETCATALOG_COMPILER_GLOBAL_ACCENT_COLOR_NAME = AccentColor;
				CODE_SIGN_STYLE = Automatic;
				CURRENT_PROJECT_VERSION = 1;
				DEVELOPMENT_TEAM = RL227T7V3M;
				ENABLE_PREVIEWS = YES;
				GENERATE_INFOPLIST_FILE = YES;
				INFOPLIST_KEY_UIApplicationSceneManifest_Generation = YES;
				INFOPLIST_KEY_UIApplicationSupportsIndirectInputEvents = YES;
				INFOPLIST_KEY_UILaunchScreen_Generation = YES;
				INFOPLIST_KEY_UISupportedInterfaceOrientations_iPad = "UIInterfaceOrientationPortrait UIInterfaceOrientationPortraitUpsideDown UIInterfaceOrientationLandscapeLeft UIInterfaceOrientationLandscapeRight";
				INFOPLIST_KEY_UISupportedInterfaceOrientations_iPhone = "UIInterfaceOrientationPortrait UIInterfaceOrientationLandscapeLeft UIInterfaceOrientationLandscapeRight";
				LD_RUNPATH_SEARCH_PATHS = (
					"$(inherited)",
					"@executable_path/Frameworks",
				);
				MARKETING_VERSION = 1.0;
				PRODUCT_BUNDLE_IDENTIFIER = com.cb.FinanceManager;
				PRODUCT_NAME = "$(TARGET_NAME)";
				SWIFT_EMIT_LOC_STRINGS = YES;
				SWIFT_VERSION = 5.0;
				TARGETED_DEVICE_FAMILY = "1,2";
			};
			name = Release;
		};
/* End XCBuildConfiguration section */

/* Begin XCConfigurationList section */
		56A558112DE55AD600307193 /* Build configuration list for PBXProject "BeeFinancial" */ = {
			isa = XCConfigurationList;
			buildConfigurations = (
				56A5581F2DE55AD800307193 /* Debug */,
				56A558202DE55AD800307193 /* Release */,
			);
			defaultConfigurationIsVisible = 0;
			defaultConfigurationName = Release;
		};
		56A558212DE55AD800307193 /* Build configuration list for PBXNativeTarget "BeeFinance" */ = {
			isa = XCConfigurationList;
			buildConfigurations = (
				56A558222DE55AD800307193 /* Debug */,
				56A558232DE55AD800307193 /* Release */,
			);
			defaultConfigurationIsVisible = 0;
			defaultConfigurationName = Release;
		};
/* End XCConfigurationList section */
	};
	rootObject = 56A5580E2DE55AD600307193 /* Project object */;
}
