// !$*UTF8*$!
{
	archiveVersion = 1;
	classes = {
	};
	objectVersion = 77;
	objects = {

/* Begin PBXBuildFile section */
		5658A56A2DFB4A8000E887CC /* ChitAccount.swift in Sources */ = {isa = PBXBuildFile; fileRef = 5658A5492DFB4A8000E887CC /* ChitAccount.swift */; };
		5658A56C2DFB4A8000E887CC /* SummaryView.swift in Sources */ = {isa = PBXBuildFile; fileRef = 5658A5632DFB4A8000E887CC /* SummaryView.swift */; };
		5658A56D2DFB4A8000E887CC /* UsersEndpoint.swift in Sources */ = {isa = PBXBuildFile; fileRef = 5658A5382DFB4A8000E887CC /* UsersEndpoint.swift */; };
		5658A56F2DFB4A8000E887CC /* AccountListView.swift in Sources */ = {isa = PBXBuildFile; fileRef = 5658A55B2DFB4A8000E887CC /* AccountListView.swift */; };
		5658A5702DFB4A8000E887CC /* Users.swift in Sources */ = {isa = PBXBuildFile; fileRef = 5658A53C2DFB4A8000E887CC /* Users.swift */; };
		5658A5712DFB4A8000E887CC /* BorrowAccount.swift in Sources */ = {isa = PBXBuildFile; fileRef = 5658A5462DFB4A8000E887CC /* BorrowAccount.swift */; };
		5658A5722DFB4A8000E887CC /* AccountsViewModel.swift in Sources */ = {isa = PBXBuildFile; fileRef = 5658A53E2DFB4A8000E887CC /* AccountsViewModel.swift */; };
		5658A5732DFB4A8000E887CC /* ContentView.swift in Sources */ = {isa = PBXBuildFile; fileRef = 5658A5612DFB4A8000E887CC /* ContentView.swift */; };
		5658A5752DFB4A8000E887CC /* Transaction.swift in Sources */ = {isa = PBXBuildFile; fileRef = 5658A5512DFB4A8000E887CC /* Transaction.swift */; };
		5658A5762DFB4A8000E887CC /* CategoryFilterRange.swift in Sources */ = {isa = PBXBuildFile; fileRef = 5658A5482DFB4A8000E887CC /* CategoryFilterRange.swift */; };
		5658A5772DFB4A8000E887CC /* Category.swift in Sources */ = {isa = PBXBuildFile; fileRef = 5658A5472DFB4A8000E887CC /* Category.swift */; };
		5658A5782DFB4A8000E887CC /* Accounts.swift in Sources */ = {isa = PBXBuildFile; fileRef = 5658A53A2DFB4A8000E887CC /* Accounts.swift */; };
		5658A5792DFB4A8000E887CC /* AddCategoryFormView.swift in Sources */ = {isa = PBXBuildFile; fileRef = 5658A55D2DFB4A8000E887CC /* AddCategoryFormView.swift */; };
		5658A57A2DFB4A8000E887CC /* PropertyAccount.swift in Sources */ = {isa = PBXBuildFile; fileRef = 5658A54E2DFB4A8000E887CC /* PropertyAccount.swift */; };
		5658A57B2DFB4A8000E887CC /* GiveAccount.swift in Sources */ = {isa = PBXBuildFile; fileRef = 5658A54C2DFB4A8000E887CC /* GiveAccount.swift */; };
		5658A57C2DFB4A8000E887CC /* UsersViewModel.swift in Sources */ = {isa = PBXBuildFile; fileRef = 5658A53F2DFB4A8000E887CC /* UsersViewModel.swift */; };
		5658A57D2DFB4A8000E887CC /* AnyAccount.swift in Sources */ = {isa = PBXBuildFile; fileRef = 5658A5442DFB4A8000E887CC /* AnyAccount.swift */; };
		5658A57E2DFB4A8000E887CC /* AccountsEndpoint.swift in Sources */ = {isa = PBXBuildFile; fileRef = 5658A5372DFB4A8000E887CC /* AccountsEndpoint.swift */; };
		5658A57F2DFB4A8000E887CC /* StockAccount.swift in Sources */ = {isa = PBXBuildFile; fileRef = 5658A5502DFB4A8000E887CC /* StockAccount.swift */; };
		5658A5812DFB4A8000E887CC /* UserData.swift in Sources */ = {isa = PBXBuildFile; fileRef = 5658A5522DFB4A8000E887CC /* UserData.swift */; };
		5658A5832DFB4A8000E887CC /* UserViewModel.swift in Sources */ = {isa = PBXBuildFile; fileRef = 5658A5582DFB4A8000E887CC /* UserViewModel.swift */; };
		5658A5842DFB4A8000E887CC /* BeeFinancial.swift in Sources */ = {isa = PBXBuildFile; fileRef = 5658A5682DFB4A8000E887CC /* BeeFinancial.swift */; };
		5658A5852DFB4A8000E887CC /* CreditCardAccount.swift in Sources */ = {isa = PBXBuildFile; fileRef = 5658A54A2DFB4A8000E887CC /* CreditCardAccount.swift */; };
		5658A5862DFB4A8000E887CC /* TransactionFormView.swift in Sources */ = {isa = PBXBuildFile; fileRef = 5658A5642DFB4A8000E887CC /* TransactionFormView.swift */; };
		5658A5872DFB4A8000E887CC /* Account.swift in Sources */ = {isa = PBXBuildFile; fileRef = 5658A5422DFB4A8000E887CC /* Account.swift */; };
		5658A5882DFB4A8000E887CC /* CategoryDetailView.swift in Sources */ = {isa = PBXBuildFile; fileRef = 5658A55F2DFB4A8000E887CC /* CategoryDetailView.swift */; };
		5658A5892DFB4A8000E887CC /* AddAccountFormView.swift in Sources */ = {isa = PBXBuildFile; fileRef = 5658A55C2DFB4A8000E887CC /* AddAccountFormView.swift */; };
		5658A58A2DFB4A8000E887CC /* Enums.swift in Sources */ = {isa = PBXBuildFile; fileRef = 5658A53B2DFB4A8000E887CC /* Enums.swift */; };
		5658A58B2DFB4A8000E887CC /* AccountCategory.swift in Sources */ = {isa = PBXBuildFile; fileRef = 5658A5432DFB4A8000E887CC /* AccountCategory.swift */; };
		5658A58C2DFB4A8000E887CC /* RDAccount.swift in Sources */ = {isa = PBXBuildFile; fileRef = 5658A54F2DFB4A8000E887CC /* RDAccount.swift */; };
		5658A58D2DFB4A8000E887CC /* BankAccount.swift in Sources */ = {isa = PBXBuildFile; fileRef = 5658A5452DFB4A8000E887CC /* BankAccount.swift */; };
		5658A58E2DFB4A8000E887CC /* FDAccount.swift in Sources */ = {isa = PBXBuildFile; fileRef = 5658A54B2DFB4A8000E887CC /* FDAccount.swift */; };
		5658A58F2DFB4A8000E887CC /* AccountDetailView.swift in Sources */ = {isa = PBXBuildFile; fileRef = 5658A55A2DFB4A8000E887CC /* AccountDetailView.swift */; };
		5658A5902DFB4A8000E887CC /* TransactionListView.swift in Sources */ = {isa = PBXBuildFile; fileRef = 5658A5652DFB4A8000E887CC /* TransactionListView.swift */; };
		5658A5912DFB4A8000E887CC /* LoanAccount.swift in Sources */ = {isa = PBXBuildFile; fileRef = 5658A54D2DFB4A8000E887CC /* LoanAccount.swift */; };
		5658A5922DFB4A8000E887CC /* CategoryTabView.swift in Sources */ = {isa = PBXBuildFile; fileRef = 5658A5602DFB4A8000E887CC /* CategoryTabView.swift */; };
		5658A5932DFB4A8000E887CC /* Assets.xcassets in Resources */ = {isa = PBXBuildFile; fileRef = 5658A5672DFB4A8000E887CC /* Assets.xcassets */; };
		5658A5962DFB4CFD00E887CC /* BeeCodableModel.swift in Sources */ = {isa = PBXBuildFile; fileRef = 5658A5952DFB4CFD00E887CC /* BeeCodableModel.swift */; };
		5658A59A2DFB524100E887CC /* ServerEndPoints.swift in Sources */ = {isa = PBXBuildFile; fileRef = 5658A5992DFB524100E887CC /* ServerEndPoints.swift */; };
		5658A59C2DFB525C00E887CC /* Helper.swift in Sources */ = {isa = PBXBuildFile; fileRef = 5658A59B2DFB525C00E887CC /* Helper.swift */; };
		5658A59E2DFB526900E887CC /* ToastManager.swift in Sources */ = {isa = PBXBuildFile; fileRef = 5658A59D2DFB526900E887CC /* ToastManager.swift */; };
		5658A5A02DFB52DF00E887CC /* LoginEndPoints.swift in Sources */ = {isa = PBXBuildFile; fileRef = 5658A59F2DFB52DF00E887CC /* LoginEndPoints.swift */; };
		5658A5A22DFB52F900E887CC /* AuthUser.swift in Sources */ = {isa = PBXBuildFile; fileRef = 5658A5A12DFB52F900E887CC /* AuthUser.swift */; };
		5658A5A82DFB534500E887CC /* LoginViewForm.swift in Sources */ = {isa = PBXBuildFile; fileRef = 5658A5A32DFB534500E887CC /* LoginViewForm.swift */; };
		5658A5A92DFB534500E887CC /* AuthenticateViewModel.swift in Sources */ = {isa = PBXBuildFile; fileRef = 5658A5A52DFB534500E887CC /* AuthenticateViewModel.swift */; };
		5658A5AC2DFB53F500E887CC /* AppDelegate.swift in Sources */ = {isa = PBXBuildFile; fileRef = 5658A5AB2DFB53F500E887CC /* AppDelegate.swift */; };
		5658A5AE2DFB542700E887CC /* HomeView.swift in Sources */ = {isa = PBXBuildFile; fileRef = 5658A5AD2DFB542700E887CC /* HomeView.swift */; };
		5658A5B42DFB546200E887CC /* NotificationTrackerViewModel.swift in Sources */ = {isa = PBXBuildFile; fileRef = 5658A5B22DFB546200E887CC /* NotificationTrackerViewModel.swift */; };
		5658A5B52DFB546200E887CC /* NotificationBellView.swift in Sources */ = {isa = PBXBuildFile; fileRef = 5658A5AF2DFB546200E887CC /* NotificationBellView.swift */; };
		5658A5B62DFB546200E887CC /* NotificationListView.swift in Sources */ = {isa = PBXBuildFile; fileRef = 5658A5B02DFB546200E887CC /* NotificationListView.swift */; };
		5658A5B92DFB54EC00E887CC /* DeviceTokenEndpoints.swift in Sources */ = {isa = PBXBuildFile; fileRef = 5658A5B82DFB54E500E887CC /* DeviceTokenEndpoints.swift */; };
/* End PBXBuildFile section */

/* Begin PBXFileReference section */
		5658A5372DFB4A8000E887CC /* AccountsEndpoint.swift */ = {isa = PBXFileReference; lastKnownFileType = sourcecode.swift; path = AccountsEndpoint.swift; sourceTree = "<group>"; };
		5658A5382DFB4A8000E887CC /* UsersEndpoint.swift */ = {isa = PBXFileReference; lastKnownFileType = sourcecode.swift; path = UsersEndpoint.swift; sourceTree = "<group>"; };
		5658A53A2DFB4A8000E887CC /* Accounts.swift */ = {isa = PBXFileReference; lastKnownFileType = sourcecode.swift; path = Accounts.swift; sourceTree = "<group>"; };
		5658A53B2DFB4A8000E887CC /* Enums.swift */ = {isa = PBXFileReference; lastKnownFileType = sourcecode.swift; path = Enums.swift; sourceTree = "<group>"; };
		5658A53C2DFB4A8000E887CC /* Users.swift */ = {isa = PBXFileReference; lastKnownFileType = sourcecode.swift; path = Users.swift; sourceTree = "<group>"; };
		5658A53E2DFB4A8000E887CC /* AccountsViewModel.swift */ = {isa = PBXFileReference; lastKnownFileType = sourcecode.swift; path = AccountsViewModel.swift; sourceTree = "<group>"; };
		5658A53F2DFB4A8000E887CC /* UsersViewModel.swift */ = {isa = PBXFileReference; lastKnownFileType = sourcecode.swift; path = UsersViewModel.swift; sourceTree = "<group>"; };
		5658A5422DFB4A8000E887CC /* Account.swift */ = {isa = PBXFileReference; lastKnownFileType = sourcecode.swift; path = Account.swift; sourceTree = "<group>"; };
		5658A5432DFB4A8000E887CC /* AccountCategory.swift */ = {isa = PBXFileReference; lastKnownFileType = sourcecode.swift; path = AccountCategory.swift; sourceTree = "<group>"; };
		5658A5442DFB4A8000E887CC /* AnyAccount.swift */ = {isa = PBXFileReference; lastKnownFileType = sourcecode.swift; path = AnyAccount.swift; sourceTree = "<group>"; };
		5658A5452DFB4A8000E887CC /* BankAccount.swift */ = {isa = PBXFileReference; lastKnownFileType = sourcecode.swift; path = BankAccount.swift; sourceTree = "<group>"; };
		5658A5462DFB4A8000E887CC /* BorrowAccount.swift */ = {isa = PBXFileReference; lastKnownFileType = sourcecode.swift; path = BorrowAccount.swift; sourceTree = "<group>"; };
		5658A5472DFB4A8000E887CC /* Category.swift */ = {isa = PBXFileReference; lastKnownFileType = sourcecode.swift; path = Category.swift; sourceTree = "<group>"; };
		5658A5482DFB4A8000E887CC /* CategoryFilterRange.swift */ = {isa = PBXFileReference; lastKnownFileType = sourcecode.swift; path = CategoryFilterRange.swift; sourceTree = "<group>"; };
		5658A5492DFB4A8000E887CC /* ChitAccount.swift */ = {isa = PBXFileReference; lastKnownFileType = sourcecode.swift; path = ChitAccount.swift; sourceTree = "<group>"; };
		5658A54A2DFB4A8000E887CC /* CreditCardAccount.swift */ = {isa = PBXFileReference; lastKnownFileType = sourcecode.swift; path = CreditCardAccount.swift; sourceTree = "<group>"; };
		5658A54B2DFB4A8000E887CC /* FDAccount.swift */ = {isa = PBXFileReference; lastKnownFileType = sourcecode.swift; path = FDAccount.swift; sourceTree = "<group>"; };
		5658A54C2DFB4A8000E887CC /* GiveAccount.swift */ = {isa = PBXFileReference; lastKnownFileType = sourcecode.swift; path = GiveAccount.swift; sourceTree = "<group>"; };
		5658A54D2DFB4A8000E887CC /* LoanAccount.swift */ = {isa = PBXFileReference; lastKnownFileType = sourcecode.swift; path = LoanAccount.swift; sourceTree = "<group>"; };
		5658A54E2DFB4A8000E887CC /* PropertyAccount.swift */ = {isa = PBXFileReference; lastKnownFileType = sourcecode.swift; path = PropertyAccount.swift; sourceTree = "<group>"; };
		5658A54F2DFB4A8000E887CC /* RDAccount.swift */ = {isa = PBXFileReference; lastKnownFileType = sourcecode.swift; path = RDAccount.swift; sourceTree = "<group>"; };
		5658A5502DFB4A8000E887CC /* StockAccount.swift */ = {isa = PBXFileReference; lastKnownFileType = sourcecode.swift; path = StockAccount.swift; sourceTree = "<group>"; };
		5658A5512DFB4A8000E887CC /* Transaction.swift */ = {isa = PBXFileReference; lastKnownFileType = sourcecode.swift; path = Transaction.swift; sourceTree = "<group>"; };
		5658A5522DFB4A8000E887CC /* UserData.swift */ = {isa = PBXFileReference; lastKnownFileType = sourcecode.swift; path = UserData.swift; sourceTree = "<group>"; };
		5658A5582DFB4A8000E887CC /* UserViewModel.swift */ = {isa = PBXFileReference; lastKnownFileType = sourcecode.swift; path = UserViewModel.swift; sourceTree = "<group>"; };
		5658A55A2DFB4A8000E887CC /* AccountDetailView.swift */ = {isa = PBXFileReference; lastKnownFileType = sourcecode.swift; path = AccountDetailView.swift; sourceTree = "<group>"; };
		5658A55B2DFB4A8000E887CC /* AccountListView.swift */ = {isa = PBXFileReference; lastKnownFileType = sourcecode.swift; path = AccountListView.swift; sourceTree = "<group>"; };
		5658A55C2DFB4A8000E887CC /* AddAccountFormView.swift */ = {isa = PBXFileReference; lastKnownFileType = sourcecode.swift; path = AddAccountFormView.swift; sourceTree = "<group>"; };
		5658A55D2DFB4A8000E887CC /* AddCategoryFormView.swift */ = {isa = PBXFileReference; lastKnownFileType = sourcecode.swift; path = AddCategoryFormView.swift; sourceTree = "<group>"; };
		5658A55F2DFB4A8000E887CC /* CategoryDetailView.swift */ = {isa = PBXFileReference; lastKnownFileType = sourcecode.swift; path = CategoryDetailView.swift; sourceTree = "<group>"; };
		5658A5602DFB4A8000E887CC /* CategoryTabView.swift */ = {isa = PBXFileReference; lastKnownFileType = sourcecode.swift; path = CategoryTabView.swift; sourceTree = "<group>"; };
		5658A5612DFB4A8000E887CC /* ContentView.swift */ = {isa = PBXFileReference; lastKnownFileType = sourcecode.swift; path = ContentView.swift; sourceTree = "<group>"; };
		5658A5632DFB4A8000E887CC /* SummaryView.swift */ = {isa = PBXFileReference; lastKnownFileType = sourcecode.swift; path = SummaryView.swift; sourceTree = "<group>"; };
		5658A5642DFB4A8000E887CC /* TransactionFormView.swift */ = {isa = PBXFileReference; lastKnownFileType = sourcecode.swift; path = TransactionFormView.swift; sourceTree = "<group>"; };
		5658A5652DFB4A8000E887CC /* TransactionListView.swift */ = {isa = PBXFileReference; lastKnownFileType = sourcecode.swift; path = TransactionListView.swift; sourceTree = "<group>"; };
		5658A5672DFB4A8000E887CC /* Assets.xcassets */ = {isa = PBXFileReference; lastKnownFileType = folder.assetcatalog; path = Assets.xcassets; sourceTree = "<group>"; };
		5658A5682DFB4A8000E887CC /* BeeFinancial.swift */ = {isa = PBXFileReference; lastKnownFileType = sourcecode.swift; path = BeeFinancial.swift; sourceTree = "<group>"; };
		5658A5952DFB4CFD00E887CC /* BeeCodableModel.swift */ = {isa = PBXFileReference; lastKnownFileType = sourcecode.swift; path = BeeCodableModel.swift; sourceTree = "<group>"; };
		5658A5992DFB524100E887CC /* ServerEndPoints.swift */ = {isa = PBXFileReference; lastKnownFileType = sourcecode.swift; path = ServerEndPoints.swift; sourceTree = "<group>"; };
		5658A59B2DFB525C00E887CC /* Helper.swift */ = {isa = PBXFileReference; lastKnownFileType = sourcecode.swift; path = Helper.swift; sourceTree = "<group>"; };
		5658A59D2DFB526900E887CC /* ToastManager.swift */ = {isa = PBXFileReference; lastKnownFileType = sourcecode.swift; path = ToastManager.swift; sourceTree = "<group>"; };
		5658A59F2DFB52DF00E887CC /* LoginEndPoints.swift */ = {isa = PBXFileReference; lastKnownFileType = sourcecode.swift; path = LoginEndPoints.swift; sourceTree = "<group>"; };
		5658A5A12DFB52F900E887CC /* AuthUser.swift */ = {isa = PBXFileReference; lastKnownFileType = sourcecode.swift; path = AuthUser.swift; sourceTree = "<group>"; };
		5658A5A32DFB534500E887CC /* LoginViewForm.swift */ = {isa = PBXFileReference; lastKnownFileType = sourcecode.swift; path = LoginViewForm.swift; sourceTree = "<group>"; };
		5658A5A52DFB534500E887CC /* AuthenticateViewModel.swift */ = {isa = PBXFileReference; lastKnownFileType = sourcecode.swift; path = AuthenticateViewModel.swift; sourceTree = "<group>"; };
		5658A5AB2DFB53F500E887CC /* AppDelegate.swift */ = {isa = PBXFileReference; lastKnownFileType = sourcecode.swift; path = AppDelegate.swift; sourceTree = "<group>"; };
		5658A5AD2DFB542700E887CC /* HomeView.swift */ = {isa = PBXFileReference; lastKnownFileType = sourcecode.swift; path = HomeView.swift; sourceTree = "<group>"; };
		5658A5AF2DFB546200E887CC /* NotificationBellView.swift */ = {isa = PBXFileReference; lastKnownFileType = sourcecode.swift; path = NotificationBellView.swift; sourceTree = "<group>"; };
		5658A5B02DFB546200E887CC /* NotificationListView.swift */ = {isa = PBXFileReference; lastKnownFileType = sourcecode.swift; path = NotificationListView.swift; sourceTree = "<group>"; };
		5658A5B22DFB546200E887CC /* NotificationTrackerViewModel.swift */ = {isa = PBXFileReference; lastKnownFileType = sourcecode.swift; path = NotificationTrackerViewModel.swift; sourceTree = "<group>"; };
		5658A5B82DFB54E500E887CC /* DeviceTokenEndpoints.swift */ = {isa = PBXFileReference; lastKnownFileType = sourcecode.swift; path = DeviceTokenEndpoints.swift; sourceTree = "<group>"; };
		56A558162DE55AD600307193 /* BeeFinance.app */ = {isa = PBXFileReference; explicitFileType = wrapper.application; includeInIndex = 0; path = BeeFinance.app; sourceTree = BUILT_PRODUCTS_DIR; };
/* End PBXFileReference section */

/* Begin PBXFrameworksBuildPhase section */
		56A558132DE55AD600307193 /* Frameworks */ = {
			isa = PBXFrameworksBuildPhase;
			buildActionMask = 2147483647;
			files = (
			);
			runOnlyForDeploymentPostprocessing = 0;
		};
/* End PBXFrameworksBuildPhase section */

/* Begin PBXGroup section */
		5658A5392DFB4A8000E887CC /* Endpoints */ = {
			isa = PBXGroup;
			children = (
				5658A5372DFB4A8000E887CC /* AccountsEndpoint.swift */,
				5658A5382DFB4A8000E887CC /* UsersEndpoint.swift */,
			);
			path = Endpoints;
			sourceTree = "<group>";
		};
		5658A53D2DFB4A8000E887CC /* Models */ = {
			isa = PBXGroup;
			children = (
				5658A53A2DFB4A8000E887CC /* Accounts.swift */,
				5658A53B2DFB4A8000E887CC /* Enums.swift */,
				5658A53C2DFB4A8000E887CC /* Users.swift */,
			);
			path = Models;
			sourceTree = "<group>";
		};
		5658A5402DFB4A8000E887CC /* ViewModels */ = {
			isa = PBXGroup;
			children = (
				5658A53E2DFB4A8000E887CC /* AccountsViewModel.swift */,
				5658A53F2DFB4A8000E887CC /* UsersViewModel.swift */,
			);
			path = ViewModels;
			sourceTree = "<group>";
		};
		5658A5412DFB4A8000E887CC /* Autogen */ = {
			isa = PBXGroup;
			children = (
				5658A5392DFB4A8000E887CC /* Endpoints */,
				5658A53D2DFB4A8000E887CC /* Models */,
				5658A5402DFB4A8000E887CC /* ViewModels */,
			);
			path = Autogen;
			sourceTree = "<group>";
		};
		5658A5532DFB4A8000E887CC /* Models */ = {
			isa = PBXGroup;
			children = (
				5658A5422DFB4A8000E887CC /* Account.swift */,
				5658A5432DFB4A8000E887CC /* AccountCategory.swift */,
				5658A5442DFB4A8000E887CC /* AnyAccount.swift */,
				5658A5452DFB4A8000E887CC /* BankAccount.swift */,
				5658A5462DFB4A8000E887CC /* BorrowAccount.swift */,
				5658A5472DFB4A8000E887CC /* Category.swift */,
				5658A5482DFB4A8000E887CC /* CategoryFilterRange.swift */,
				5658A5492DFB4A8000E887CC /* ChitAccount.swift */,
				5658A54A2DFB4A8000E887CC /* CreditCardAccount.swift */,
				5658A54B2DFB4A8000E887CC /* FDAccount.swift */,
				5658A54C2DFB4A8000E887CC /* GiveAccount.swift */,
				5658A54D2DFB4A8000E887CC /* LoanAccount.swift */,
				5658A54E2DFB4A8000E887CC /* PropertyAccount.swift */,
				5658A54F2DFB4A8000E887CC /* RDAccount.swift */,
				5658A5502DFB4A8000E887CC /* StockAccount.swift */,
				5658A5512DFB4A8000E887CC /* Transaction.swift */,
				5658A5522DFB4A8000E887CC /* UserData.swift */,
			);
			path = Models;
			sourceTree = "<group>";
		};
		5658A5592DFB4A8000E887CC /* ViewModels */ = {
			isa = PBXGroup;
			children = (
				5658A5582DFB4A8000E887CC /* UserViewModel.swift */,
			);
			path = ViewModels;
			sourceTree = "<group>";
		};
		5658A5662DFB4A8000E887CC /* Views */ = {
			isa = PBXGroup;
			children = (
				5658A55A2DFB4A8000E887CC /* AccountDetailView.swift */,
				5658A55B2DFB4A8000E887CC /* AccountListView.swift */,
				5658A55C2DFB4A8000E887CC /* AddAccountFormView.swift */,
				5658A55D2DFB4A8000E887CC /* AddCategoryFormView.swift */,
				5658A55F2DFB4A8000E887CC /* CategoryDetailView.swift */,
				5658A5602DFB4A8000E887CC /* CategoryTabView.swift */,
				5658A5612DFB4A8000E887CC /* ContentView.swift */,
				5658A5632DFB4A8000E887CC /* SummaryView.swift */,
				5658A5642DFB4A8000E887CC /* TransactionFormView.swift */,
				5658A5652DFB4A8000E887CC /* TransactionListView.swift */,
			);
			path = Views;
			sourceTree = "<group>";
		};
		5658A5692DFB4A8000E887CC /* BeeFinancial */ = {
			isa = PBXGroup;
			children = (
				5658A5AA2DFB53EC00E887CC /* App */,
				5658A5972DFB4D5E00E887CC /* Utility */,
				5658A5412DFB4A8000E887CC /* Autogen */,
				5658A5532DFB4A8000E887CC /* Models */,
				5658A5592DFB4A8000E887CC /* ViewModels */,
				5658A5662DFB4A8000E887CC /* Views */,
				5658A5672DFB4A8000E887CC /* Assets.xcassets */,
				5658A5A72DFB534500E887CC /* Modules */,
			);
			path = BeeFinancial;
			sourceTree = "<group>";
		};
		5658A5972DFB4D5E00E887CC /* Utility */ = {
			isa = PBXGroup;
			children = (
				5658A5B82DFB54E500E887CC /* DeviceTokenEndpoints.swift */,
				5658A5A12DFB52F900E887CC /* AuthUser.swift */,
				5658A59F2DFB52DF00E887CC /* LoginEndPoints.swift */,
				5658A59D2DFB526900E887CC /* ToastManager.swift */,
				5658A59B2DFB525C00E887CC /* Helper.swift */,
				5658A5992DFB524100E887CC /* ServerEndPoints.swift */,
				5658A5952DFB4CFD00E887CC /* BeeCodableModel.swift */,
				5658A5AB2DFB53F500E887CC /* AppDelegate.swift */,
			);
			path = Utility;
			sourceTree = "<group>";
		};
		5658A5A42DFB534500E887CC /* Views */ = {
			isa = PBXGroup;
			children = (
				5658A5A32DFB534500E887CC /* LoginViewForm.swift */,
			);
			path = Views;
			sourceTree = "<group>";
		};
		5658A5A62DFB534500E887CC /* Authenticate */ = {
			isa = PBXGroup;
			children = (
				5658A5A42DFB534500E887CC /* Views */,
				5658A5A52DFB534500E887CC /* AuthenticateViewModel.swift */,
			);
			path = Authenticate;
			sourceTree = "<group>";
		};
		5658A5A72DFB534500E887CC /* Modules */ = {
			isa = PBXGroup;
			children = (
				5658A5B32DFB546200E887CC /* Notifications */,
				5658A5A62DFB534500E887CC /* Authenticate */,
			);
			path = Modules;
			sourceTree = "<group>";
		};
		5658A5AA2DFB53EC00E887CC /* App */ = {
			isa = PBXGroup;
			children = (
				5658A5AD2DFB542700E887CC /* HomeView.swift */,
				5658A5682DFB4A8000E887CC /* BeeFinancial.swift */,
			);
			path = App;
			sourceTree = "<group>";
		};
		5658A5B12DFB546200E887CC /* Views */ = {
			isa = PBXGroup;
			children = (
				5658A5AF2DFB546200E887CC /* NotificationBellView.swift */,
				5658A5B02DFB546200E887CC /* NotificationListView.swift */,
			);
			path = Views;
			sourceTree = "<group>";
		};
		5658A5B32DFB546200E887CC /* Notifications */ = {
			isa = PBXGroup;
			children = (
				5658A5B12DFB546200E887CC /* Views */,
				5658A5B22DFB546200E887CC /* NotificationTrackerViewModel.swift */,
			);
			path = Notifications;
			sourceTree = "<group>";
		};
		56A5580D2DE55AD600307193 = {
			isa = PBXGroup;
			children = (
				5658A5692DFB4A8000E887CC /* BeeFinancial */,
				56A558172DE55AD600307193 /* Products */,
			);
			sourceTree = "<group>";
		};
		56A558172DE55AD600307193 /* Products */ = {
			isa = PBXGroup;
			children = (
				56A558162DE55AD600307193 /* BeeFinance.app */,
			);
			name = Products;
			sourceTree = "<group>";
		};
/* End PBXGroup section */

/* Begin PBXNativeTarget section */
		56A558152DE55AD600307193 /* BeeFinance */ = {
			isa = PBXNativeTarget;
			buildConfigurationList = 56A558212DE55AD800307193 /* Build configuration list for PBXNativeTarget "BeeFinance" */;
			buildPhases = (
				56A558122DE55AD600307193 /* Sources */,
				56A558132DE55AD600307193 /* Frameworks */,
				56A558142DE55AD600307193 /* Resources */,
			);
			buildRules = (
			);
			dependencies = (
			);
			name = BeeFinance;
			packageProductDependencies = (
			);
			productName = FinanceManager;
			productReference = 56A558162DE55AD600307193 /* BeeFinance.app */;
			productType = "com.apple.product-type.application";
		};
/* End PBXNativeTarget section */

/* Begin PBXProject section */
		56A5580E2DE55AD600307193 /* Project object */ = {
			isa = PBXProject;
			attributes = {
				BuildIndependentTargetsInParallel = 1;
				LastSwiftUpdateCheck = 1630;
				LastUpgradeCheck = 1630;
				TargetAttributes = {
					56A558152DE55AD600307193 = {
						CreatedOnToolsVersion = 16.3;
					};
				};
			};
			buildConfigurationList = 56A558112DE55AD600307193 /* Build configuration list for PBXProject "BeeFinancial" */;
			developmentRegion = en;
			hasScannedForEncodings = 0;
			knownRegions = (
				en,
				Base,
			);
			mainGroup = 56A5580D2DE55AD600307193;
			minimizedProjectReferenceProxies = 1;
			preferredProjectObjectVersion = 77;
			productRefGroup = 56A558172DE55AD600307193 /* Products */;
			projectDirPath = "";
			projectRoot = "";
			targets = (
				56A558152DE55AD600307193 /* BeeFinance */,
			);
		};
/* End PBXProject section */

/* Begin PBXResourcesBuildPhase section */
		56A558142DE55AD600307193 /* Resources */ = {
			isa = PBXResourcesBuildPhase;
			buildActionMask = 2147483647;
			files = (
				5658A5932DFB4A8000E887CC /* Assets.xcassets in Resources */,
			);
			runOnlyForDeploymentPostprocessing = 0;
		};
/* End PBXResourcesBuildPhase section */

/* Begin PBXSourcesBuildPhase section */
		56A558122DE55AD600307193 /* Sources */ = {
			isa = PBXSourcesBuildPhase;
			buildActionMask = 2147483647;
			files = (
				5658A56A2DFB4A8000E887CC /* ChitAccount.swift in Sources */,
				5658A56C2DFB4A8000E887CC /* SummaryView.swift in Sources */,
				5658A56D2DFB4A8000E887CC /* UsersEndpoint.swift in Sources */,
				5658A56F2DFB4A8000E887CC /* AccountListView.swift in Sources */,
				5658A5702DFB4A8000E887CC /* Users.swift in Sources */,
				5658A5712DFB4A8000E887CC /* BorrowAccount.swift in Sources */,
				5658A5722DFB4A8000E887CC /* AccountsViewModel.swift in Sources */,
				5658A5732DFB4A8000E887CC /* ContentView.swift in Sources */,
				5658A59C2DFB525C00E887CC /* Helper.swift in Sources */,
				5658A5752DFB4A8000E887CC /* Transaction.swift in Sources */,
				5658A5762DFB4A8000E887CC /* CategoryFilterRange.swift in Sources */,
				5658A5772DFB4A8000E887CC /* Category.swift in Sources */,
				5658A5782DFB4A8000E887CC /* Accounts.swift in Sources */,
				5658A5792DFB4A8000E887CC /* AddCategoryFormView.swift in Sources */,
				5658A57A2DFB4A8000E887CC /* PropertyAccount.swift in Sources */,
				5658A5962DFB4CFD00E887CC /* BeeCodableModel.swift in Sources */,
				5658A57B2DFB4A8000E887CC /* GiveAccount.swift in Sources */,
				5658A5A22DFB52F900E887CC /* AuthUser.swift in Sources */,
				5658A57C2DFB4A8000E887CC /* UsersViewModel.swift in Sources */,
				5658A57D2DFB4A8000E887CC /* AnyAccount.swift in Sources */,
				5658A5A82DFB534500E887CC /* LoginViewForm.swift in Sources */,
				5658A5A92DFB534500E887CC /* AuthenticateViewModel.swift in Sources */,
				5658A57E2DFB4A8000E887CC /* AccountsEndpoint.swift in Sources */,
				5658A57F2DFB4A8000E887CC /* StockAccount.swift in Sources */,
				5658A5812DFB4A8000E887CC /* UserData.swift in Sources */,
				5658A59E2DFB526900E887CC /* ToastManager.swift in Sources */,
				5658A5A02DFB52DF00E887CC /* LoginEndPoints.swift in Sources */,
				5658A5832DFB4A8000E887CC /* UserViewModel.swift in Sources */,
				5658A5B42DFB546200E887CC /* NotificationTrackerViewModel.swift in Sources */,
				5658A5B52DFB546200E887CC /* NotificationBellView.swift in Sources */,
				5658A5B62DFB546200E887CC /* NotificationListView.swift in Sources */,
				5658A5B92DFB54EC00E887CC /* DeviceTokenEndpoints.swift in Sources */,
				5658A5842DFB4A8000E887CC /* BeeFinancial.swift in Sources */,
				5658A59A2DFB524100E887CC /* ServerEndPoints.swift in Sources */,
				5658A5852DFB4A8000E887CC /* CreditCardAccount.swift in Sources */,
				5658A5862DFB4A8000E887CC /* TransactionFormView.swift in Sources */,
				5658A5872DFB4A8000E887CC /* Account.swift in Sources */,
				5658A5AC2DFB53F500E887CC /* AppDelegate.swift in Sources */,
				5658A5AE2DFB542700E887CC /* HomeView.swift in Sources */,
				5658A5882DFB4A8000E887CC /* CategoryDetailView.swift in Sources */,
				5658A5892DFB4A8000E887CC /* AddAccountFormView.swift in Sources */,
				5658A58A2DFB4A8000E887CC /* Enums.swift in Sources */,
				5658A58B2DFB4A8000E887CC /* AccountCategory.swift in Sources */,
				5658A58C2DFB4A8000E887CC /* RDAccount.swift in Sources */,
				5658A58D2DFB4A8000E887CC /* BankAccount.swift in Sources */,
				5658A58E2DFB4A8000E887CC /* FDAccount.swift in Sources */,
				5658A58F2DFB4A8000E887CC /* AccountDetailView.swift in Sources */,
				5658A5902DFB4A8000E887CC /* TransactionListView.swift in Sources */,
				5658A5912DFB4A8000E887CC /* LoanAccount.swift in Sources */,
				5658A5922DFB4A8000E887CC /* CategoryTabView.swift in Sources */,
			);
			runOnlyForDeploymentPostprocessing = 0;
		};
/* End PBXSourcesBuildPhase section */

/* Begin XCBuildConfiguration section */
		56A5581F2DE55AD800307193 /* Debug */ = {
			isa = XCBuildConfiguration;
			buildSettings = {
				ALWAYS_SEARCH_USER_PATHS = NO;
				ASSETCATALOG_COMPILER_GENERATE_SWIFT_ASSET_SYMBOL_EXTENSIONS = YES;
				CLANG_ANALYZER_NONNULL = YES;
				CLANG_ANALYZER_NUMBER_OBJECT_CONVERSION = YES_AGGRESSIVE;
				CLANG_CXX_LANGUAGE_STANDARD = "gnu++20";
				CLANG_ENABLE_MODULES = YES;
				CLANG_ENABLE_OBJC_ARC = YES;
				CLANG_ENABLE_OBJC_WEAK = YES;
				CLANG_WARN_BLOCK_CAPTURE_AUTORELEASING = YES;
				CLANG_WARN_BOOL_CONVERSION = YES;
				CLANG_WARN_COMMA = YES;
				CLANG_WARN_CONSTANT_CONVERSION = YES;
				CLANG_WARN_DEPRECATED_OBJC_IMPLEMENTATIONS = YES;
				CLANG_WARN_DIRECT_OBJC_ISA_USAGE = YES_ERROR;
				CLANG_WARN_DOCUMENTATION_COMMENTS = YES;
				CLANG_WARN_EMPTY_BODY = YES;
				CLANG_WARN_ENUM_CONVERSION = YES;
				CLANG_WARN_INFINITE_RECURSION = YES;
				CLANG_WARN_INT_CONVERSION = YES;
				CLANG_WARN_NON_LITERAL_NULL_CONVERSION = YES;
				CLANG_WARN_OBJC_IMPLICIT_RETAIN_SELF = YES;
				CLANG_WARN_OBJC_LITERAL_CONVERSION = YES;
				CLANG_WARN_OBJC_ROOT_CLASS = YES_ERROR;
				CLANG_WARN_QUOTED_INCLUDE_IN_FRAMEWORK_HEADER = YES;
				CLANG_WARN_RANGE_LOOP_ANALYSIS = YES;
				CLANG_WARN_STRICT_PROTOTYPES = YES;
				CLANG_WARN_SUSPICIOUS_MOVE = YES;
				CLANG_WARN_UNGUARDED_AVAILABILITY = YES_AGGRESSIVE;
				CLANG_WARN_UNREACHABLE_CODE = YES;
				CLANG_WARN__DUPLICATE_METHOD_MATCH = YES;
				COPY_PHASE_STRIP = NO;
				DEBUG_INFORMATION_FORMAT = dwarf;
				DEVELOPMENT_TEAM = RL227T7V3M;
				ENABLE_STRICT_OBJC_MSGSEND = YES;
				ENABLE_TESTABILITY = YES;
				ENABLE_USER_SCRIPT_SANDBOXING = YES;
				GCC_C_LANGUAGE_STANDARD = gnu17;
				GCC_DYNAMIC_NO_PIC = NO;
				GCC_NO_COMMON_BLOCKS = YES;
				GCC_OPTIMIZATION_LEVEL = 0;
				GCC_PREPROCESSOR_DEFINITIONS = (
					"DEBUG=1",
					"$(inherited)",
				);
				GCC_WARN_64_TO_32_BIT_CONVERSION = YES;
				GCC_WARN_ABOUT_RETURN_TYPE = YES_ERROR;
				GCC_WARN_UNDECLARED_SELECTOR = YES;
				GCC_WARN_UNINITIALIZED_AUTOS = YES_AGGRESSIVE;
				GCC_WARN_UNUSED_FUNCTION = YES;
				GCC_WARN_UNUSED_VARIABLE = YES;
				IPHONEOS_DEPLOYMENT_TARGET = 18.0;
				LOCALIZATION_PREFERS_STRING_CATALOGS = YES;
				MTL_ENABLE_DEBUG_INFO = INCLUDE_SOURCE;
				MTL_FAST_MATH = YES;
				ONLY_ACTIVE_ARCH = YES;
				SDKROOT = iphoneos;
				SWIFT_ACTIVE_COMPILATION_CONDITIONS = "DEBUG $(inherited)";
				SWIFT_OPTIMIZATION_LEVEL = "-Onone";
			};
			name = Debug;
		};
		56A558202DE55AD800307193 /* Release */ = {
			isa = XCBuildConfiguration;
			buildSettings = {
				ALWAYS_SEARCH_USER_PATHS = NO;
				ASSETCATALOG_COMPILER_GENERATE_SWIFT_ASSET_SYMBOL_EXTENSIONS = YES;
				CLANG_ANALYZER_NONNULL = YES;
				CLANG_ANALYZER_NUMBER_OBJECT_CONVERSION = YES_AGGRESSIVE;
				CLANG_CXX_LANGUAGE_STANDARD = "gnu++20";
				CLANG_ENABLE_MODULES = YES;
				CLANG_ENABLE_OBJC_ARC = YES;
				CLANG_ENABLE_OBJC_WEAK = YES;
				CLANG_WARN_BLOCK_CAPTURE_AUTORELEASING = YES;
				CLANG_WARN_BOOL_CONVERSION = YES;
				CLANG_WARN_COMMA = YES;
				CLANG_WARN_CONSTANT_CONVERSION = YES;
				CLANG_WARN_DEPRECATED_OBJC_IMPLEMENTATIONS = YES;
				CLANG_WARN_DIRECT_OBJC_ISA_USAGE = YES_ERROR;
				CLANG_WARN_DOCUMENTATION_COMMENTS = YES;
				CLANG_WARN_EMPTY_BODY = YES;
				CLANG_WARN_ENUM_CONVERSION = YES;
				CLANG_WARN_INFINITE_RECURSION = YES;
				CLANG_WARN_INT_CONVERSION = YES;
				CLANG_WARN_NON_LITERAL_NULL_CONVERSION = YES;
				CLANG_WARN_OBJC_IMPLICIT_RETAIN_SELF = YES;
				CLANG_WARN_OBJC_LITERAL_CONVERSION = YES;
				CLANG_WARN_OBJC_ROOT_CLASS = YES_ERROR;
				CLANG_WARN_QUOTED_INCLUDE_IN_FRAMEWORK_HEADER = YES;
				CLANG_WARN_RANGE_LOOP_ANALYSIS = YES;
				CLANG_WARN_STRICT_PROTOTYPES = YES;
				CLANG_WARN_SUSPICIOUS_MOVE = YES;
				CLANG_WARN_UNGUARDED_AVAILABILITY = YES_AGGRESSIVE;
				CLANG_WARN_UNREACHABLE_CODE = YES;
				CLANG_WARN__DUPLICATE_METHOD_MATCH = YES;
				COPY_PHASE_STRIP = NO;
				DEBUG_INFORMATION_FORMAT = "dwarf-with-dsym";
				DEVELOPMENT_TEAM = RL227T7V3M;
				ENABLE_NS_ASSERTIONS = NO;
				ENABLE_STRICT_OBJC_MSGSEND = YES;
				ENABLE_USER_SCRIPT_SANDBOXING = YES;
				GCC_C_LANGUAGE_STANDARD = gnu17;
				GCC_NO_COMMON_BLOCKS = YES;
				GCC_WARN_64_TO_32_BIT_CONVERSION = YES;
				GCC_WARN_ABOUT_RETURN_TYPE = YES_ERROR;
				GCC_WARN_UNDECLARED_SELECTOR = YES;
				GCC_WARN_UNINITIALIZED_AUTOS = YES_AGGRESSIVE;
				GCC_WARN_UNUSED_FUNCTION = YES;
				GCC_WARN_UNUSED_VARIABLE = YES;
				IPHONEOS_DEPLOYMENT_TARGET = 18.0;
				LOCALIZATION_PREFERS_STRING_CATALOGS = YES;
				MTL_ENABLE_DEBUG_INFO = NO;
				MTL_FAST_MATH = YES;
				SDKROOT = iphoneos;
				SWIFT_COMPILATION_MODE = wholemodule;
				VALIDATE_PRODUCT = YES;
			};
			name = Release;
		};
		56A558222DE55AD800307193 /* Debug */ = {
			isa = XCBuildConfiguration;
			buildSettings = {
				ASSETCATALOG_COMPILER_APPICON_NAME = AppIcon;
				ASSETCATALOG_COMPILER_GLOBAL_ACCENT_COLOR_NAME = AccentColor;
				CODE_SIGN_STYLE = Automatic;
				CURRENT_PROJECT_VERSION = 1;
				DEVELOPMENT_TEAM = RL227T7V3M;
				ENABLE_PREVIEWS = YES;
				GENERATE_INFOPLIST_FILE = YES;
				INFOPLIST_KEY_UIApplicationSceneManifest_Generation = YES;
				INFOPLIST_KEY_UIApplicationSupportsIndirectInputEvents = YES;
				INFOPLIST_KEY_UILaunchScreen_Generation = YES;
				INFOPLIST_KEY_UISupportedInterfaceOrientations_iPad = "UIInterfaceOrientationPortrait UIInterfaceOrientationPortraitUpsideDown UIInterfaceOrientationLandscapeLeft UIInterfaceOrientationLandscapeRight";
				INFOPLIST_KEY_UISupportedInterfaceOrientations_iPhone = "UIInterfaceOrientationPortrait UIInterfaceOrientationLandscapeLeft UIInterfaceOrientationLandscapeRight";
				LD_RUNPATH_SEARCH_PATHS = (
					"$(inherited)",
					"@executable_path/Frameworks",
				);
				MARKETING_VERSION = 1.0;
				PRODUCT_BUNDLE_IDENTIFIER = com.cb.FinanceManager;
				PRODUCT_NAME = "$(TARGET_NAME)";
				SWIFT_EMIT_LOC_STRINGS = YES;
				SWIFT_VERSION = 5.0;
				TARGETED_DEVICE_FAMILY = "1,2";
			};
			name = Debug;
		};
		56A558232DE55AD800307193 /* Release */ = {
			isa = XCBuildConfiguration;
			buildSettings = {
				ASSETCATALOG_COMPILER_APPICON_NAME = AppIcon;
				ASSETCATALOG_COMPILER_GLOBAL_ACCENT_COLOR_NAME = AccentColor;
				CODE_SIGN_STYLE = Automatic;
				CURRENT_PROJECT_VERSION = 1;
				DEVELOPMENT_TEAM = RL227T7V3M;
				ENABLE_PREVIEWS = YES;
				GENERATE_INFOPLIST_FILE = YES;
				INFOPLIST_KEY_UIApplicationSceneManifest_Generation = YES;
				INFOPLIST_KEY_UIApplicationSupportsIndirectInputEvents = YES;
				INFOPLIST_KEY_UILaunchScreen_Generation = YES;
				INFOPLIST_KEY_UISupportedInterfaceOrientations_iPad = "UIInterfaceOrientationPortrait UIInterfaceOrientationPortraitUpsideDown UIInterfaceOrientationLandscapeLeft UIInterfaceOrientationLandscapeRight";
				INFOPLIST_KEY_UISupportedInterfaceOrientations_iPhone = "UIInterfaceOrientationPortrait UIInterfaceOrientationLandscapeLeft UIInterfaceOrientationLandscapeRight";
				LD_RUNPATH_SEARCH_PATHS = (
					"$(inherited)",
					"@executable_path/Frameworks",
				);
				MARKETING_VERSION = 1.0;
				PRODUCT_BUNDLE_IDENTIFIER = com.cb.FinanceManager;
				PRODUCT_NAME = "$(TARGET_NAME)";
				SWIFT_EMIT_LOC_STRINGS = YES;
				SWIFT_VERSION = 5.0;
				TARGETED_DEVICE_FAMILY = "1,2";
			};
			name = Release;
		};
/* End XCBuildConfiguration section */

/* Begin XCConfigurationList section */
		56A558112DE55AD600307193 /* Build configuration list for PBXProject "BeeFinancial" */ = {
			isa = XCConfigurationList;
			buildConfigurations = (
				56A5581F2DE55AD800307193 /* Debug */,
				56A558202DE55AD800307193 /* Release */,
			);
			defaultConfigurationIsVisible = 0;
			defaultConfigurationName = Release;
		};
		56A558212DE55AD800307193 /* Build configuration list for PBXNativeTarget "BeeFinance" */ = {
			isa = XCConfigurationList;
			buildConfigurations = (
				56A558222DE55AD800307193 /* Debug */,
				56A558232DE55AD800307193 /* Release */,
			);
			defaultConfigurationIsVisible = 0;
			defaultConfigurationName = Release;
		};
/* End XCConfigurationList section */
	};
	rootObject = 56A5580E2DE55AD600307193 /* Project object */;
}
